Microsoft Visual Studio Solution File, Format Version 12.00
# Visual Studio Express 2013 for Web
VisualStudioVersion = 12.0.21005.1
MinimumVisualStudioVersion = 10.0.40219.1
Project("{2150E333-8FDC-42A3-9474-1A3956D46DE8}") = "Reference Assemblies", "Reference Assemblies", "{A2815B26-C678-4462-A404-5EC49058FE8D}"
	ProjectSection(SolutionItems) = preProject
		Reference Assemblies\.Less-License.htm = Reference Assemblies\.Less-License.htm
		Reference Assemblies\ABCpdf.dll = Reference Assemblies\ABCpdf.dll
		Reference Assemblies\AntiXSSLibrary.dll = Reference Assemblies\AntiXSSLibrary.dll
		Reference Assemblies\AntiXssModule.dll = Reference Assemblies\AntiXssModule.dll
		Reference Assemblies\Antlr3.Runtime.dll = Reference Assemblies\Antlr3.Runtime.dll
		Reference Assemblies\Castle.Components.Validator.dll = Reference Assemblies\Castle.Components.Validator.dll
		Reference Assemblies\Castle.Core.dll = Reference Assemblies\Castle.Core.dll
		Reference Assemblies\Castle.DynamicProxy.license.txt = Reference Assemblies\Castle.DynamicProxy.license.txt
		Reference Assemblies\Castle.DynamicProxy2.dll = Reference Assemblies\Castle.DynamicProxy2.dll
		Reference Assemblies\Common.Logging.dll = Reference Assemblies\Common.Logging.dll
		Reference Assemblies\Common.Logging.NLog.dll = Reference Assemblies\Common.Logging.NLog.dll
		Reference Assemblies\DocumentFormat.OpenXml.dll = Reference Assemblies\DocumentFormat.OpenXml.dll
		Reference Assemblies\dotless.Core.dll = Reference Assemblies\dotless.Core.dll
		Reference Assemblies\Elmah.dll = Reference Assemblies\Elmah.dll
		Reference Assemblies\Elmah.xml = Reference Assemblies\Elmah.xml
		Reference Assemblies\Excel.dll = Reference Assemblies\Excel.dll
		Reference Assemblies\ExcelLibrary.dll = Reference Assemblies\ExcelLibrary.dll
		Reference Assemblies\HibernatingRhinos.Profiler.Appender.dll = Reference Assemblies\HibernatingRhinos.Profiler.Appender.dll
		Reference Assemblies\HibernatingRhinos.Profiler.Appender.v4.0.dll = Reference Assemblies\HibernatingRhinos.Profiler.Appender.v4.0.dll
		Reference Assemblies\ICSharpCode.SharpZipLib.dll = Reference Assemblies\ICSharpCode.SharpZipLib.dll
		Reference Assemblies\Iesi.Collections.dll = Reference Assemblies\Iesi.Collections.dll
		Reference Assemblies\Iesi.Collections.license.txt = Reference Assemblies\Iesi.Collections.license.txt
		Reference Assemblies\zip-v1.9\Release\Ionic.Zip.dll = Reference Assemblies\zip-v1.9\Release\Ionic.Zip.dll
		Reference Assemblies\zlib-v1.9\Release\Ionic.Zlib.dll = Reference Assemblies\zlib-v1.9\Release\Ionic.Zlib.dll
		Reference Assemblies\Kiandra.Data.dll = Reference Assemblies\Kiandra.Data.dll
		Reference Assemblies\Kiandra.Data.pdb = Reference Assemblies\Kiandra.Data.pdb
		Reference Assemblies\Kiandra.Entities.dll = Reference Assemblies\Kiandra.Entities.dll
		Reference Assemblies\Kiandra.Entities.pdb = Reference Assemblies\Kiandra.Entities.pdb
		Reference Assemblies\Kiandra.Web.Mvc.dll = Reference Assemblies\Kiandra.Web.Mvc.dll
		Reference Assemblies\Kiandra.Web.Mvc.pdb = Reference Assemblies\Kiandra.Web.Mvc.pdb
		Reference Assemblies\log4net.dll = Reference Assemblies\log4net.dll
		Reference Assemblies\log4net.xml = Reference Assemblies\log4net.xml
		Reference Assemblies\Lucene.Net.dll = Reference Assemblies\Lucene.Net.dll
		Reference Assemblies\Lucene.Net.pdb = Reference Assemblies\Lucene.Net.pdb
		Reference Assemblies\Microsoft.Practices.ServiceLocation.dll = Reference Assemblies\Microsoft.Practices.ServiceLocation.dll
		Reference Assemblies\Microsoft.Practices.ServiceLocation.pdb = Reference Assemblies\Microsoft.Practices.ServiceLocation.pdb
		Reference Assemblies\Microsoft.Practices.ServiceLocation.XML = Reference Assemblies\Microsoft.Practices.ServiceLocation.XML
		Reference Assemblies\Json50r8\Bin\Net40\Newtonsoft.Json.dll = Reference Assemblies\Json50r8\Bin\Net40\Newtonsoft.Json.dll
		Reference Assemblies\NHibernate.ByteCode.Castle.dll = Reference Assemblies\NHibernate.ByteCode.Castle.dll
		Reference Assemblies\NHibernate.Caches.SysCache.dll = Reference Assemblies\NHibernate.Caches.SysCache.dll
		Reference Assemblies\NHibernate.Caches.SysCache2.dll = Reference Assemblies\NHibernate.Caches.SysCache2.dll
		Reference Assemblies\NHibernate.dll = Reference Assemblies\NHibernate.dll
		Reference Assemblies\NHibernate.Linq.dll = Reference Assemblies\NHibernate.Linq.dll
		Reference Assemblies\NHibernate.Linq.xml = Reference Assemblies\NHibernate.Linq.xml
		Reference Assemblies\NHibernate.Search.dll = Reference Assemblies\NHibernate.Search.dll
		Reference Assemblies\NHibernate.Search.pdb = Reference Assemblies\NHibernate.Search.pdb
		Reference Assemblies\NHibernate.xml = Reference Assemblies\NHibernate.xml
		Reference Assemblies\NLog.dll = Reference Assemblies\NLog.dll
		Reference Assemblies\NLog.xml = Reference Assemblies\NLog.xml
		Reference Assemblies\NVelocity.dll = Reference Assemblies\NVelocity.dll
		Reference Assemblies\NVelocity.xml = Reference Assemblies\NVelocity.xml
		Reference Assemblies\Quartz.dll = Reference Assemblies\Quartz.dll
		Reference Assemblies\Quartz.xml = Reference Assemblies\Quartz.xml
		Reference Assemblies\RouteDebug.dll = Reference Assemblies\RouteDebug.dll
		Reference Assemblies\Spire.DataExport.dll = Reference Assemblies\Spire.DataExport.dll
		Reference Assemblies\Spire.DataExport.ResourceMgr.dll = Reference Assemblies\Spire.DataExport.ResourceMgr.dll
		Reference Assemblies\Spire.DataExport.xml = Reference Assemblies\Spire.DataExport.xml
		Reference Assemblies\Spire.License.dll = Reference Assemblies\Spire.License.dll
		Reference Assemblies\StructureMap.dll = Reference Assemblies\StructureMap.dll
		Reference Assemblies\System.Web.Mvc.dll = Reference Assemblies\System.Web.Mvc.dll
	EndProjectSection
EndProject
Project("{2150E333-8FDC-42A3-9474-1A3956D46DE8}") = "Solution Items", "Solution Items", "{8E5849BE-893A-43A2-AC58-9E2A3B12D502}"
	ProjectSection(SolutionItems) = preProject
		Solution Items\AccessDatabaseEngine.exe = Solution Items\AccessDatabaseEngine.exe
		Solution Items\Dependencies.txt = Solution Items\Dependencies.txt
		Solution Items\Deployment steps.txt = Solution Items\Deployment steps.txt
		DetectorInspector.vsmdi = DetectorInspector.vsmdi
		Local.testsettings = Local.testsettings
		TraceAndTestImpact.testsettings = TraceAndTestImpact.testsettings
		Solution Items\VersionInfo.cs = Solution Items\VersionInfo.cs
	EndProjectSection
EndProject
Project("{2150E333-8FDC-42A3-9474-1A3956D46DE8}") = "Scheduled Tasks", "Scheduled Tasks", "{2730D44A-BAF4-4564-B545-739326A198EB}"
EndProject
Project("{FAE04EC0-301F-11D3-BF4B-00C04F79EFBC}") = "DetectorInspector", "DetectorInspector\DetectorInspector.csproj", "{F6760B70-BABA-4E6D-9145-B0C955322F79}"
EndProject
Project("{FAE04EC0-301F-11D3-BF4B-00C04F79EFBC}") = "DetectorInspector.Model", "DetectorInspector.Model\DetectorInspector.Model.csproj", "{E996F7FC-5489-4BF5-BE3A-F71CCC906F24}"
EndProject
Project("{FAE04EC0-301F-11D3-BF4B-00C04F79EFBC}") = "DetectorInspector.Data", "DetectorInspector.Data\DetectorInspector.Data.csproj", "{0792E288-1BAB-4225-B979-B4CA9E792804}"
EndProject
Project("{FAE04EC0-301F-11D3-BF4B-00C04F79EFBC}") = "DetectorInspector.ScheduledTasks", "Scheduled Tasks\DetectorInspector.ScheduledTasks\DetectorInspector.ScheduledTasks.csproj", "{EF24801A-36F4-459A-B695-B53BF3450467}"
EndProject
Project("{FAE04EC0-301F-11D3-BF4B-00C04F79EFBC}") = "DetectorInspector.ScheduledTasks.Common", "Scheduled Tasks\DetectorInspector.ScheduledTasks.Common\DetectorInspector.ScheduledTasks.Common.csproj", "{168F88CC-41DB-4A25-9FD0-2B48D1718CA1}"
EndProject
Project("{FAE04EC0-301F-11D3-BF4B-00C04F79EFBC}") = "DetectorInspector.ScheduledTasks.Notifications", "Scheduled Tasks\DetectorInspector.ScheduledTasks.Notifications\DetectorInspector.ScheduledTasks.Notifications.csproj", "{30A31390-246B-4469-8DD8-3B380D5D9D59}"
EndProject
Project("{FAE04EC0-301F-11D3-BF4B-00C04F79EFBC}") = "DetectorInspector.Common", "DetectorInspector.Common\DetectorInspector.Common.csproj", "{154101F3-90E1-499A-B6A4-79D4493BE6F4}"
EndProject
Project("{FAE04EC0-301F-11D3-BF4B-00C04F79EFBC}") = "DetectorInspector.ScheduledTasks.Maintenance", "Scheduled Tasks\DetectorInspector.ScheduledTasks.Maintenance\DetectorInspector.ScheduledTasks.Maintenance.csproj", "{11C74E56-9BFD-47D7-A9B9-AD9F807325B8}"
EndProject
Project("{FAE04EC0-301F-11D3-BF4B-00C04F79EFBC}") = "DetectorInspector.Test", "DetectorInspector.Test\DetectorInspector.Test.csproj", "{A164F30F-BF7B-4F57-8D8F-B81460E6A0DF}"
EndProject
Global
	GlobalSection(SolutionConfigurationPlatforms) = preSolution
		Debug|Any CPU = Debug|Any CPU
		Debug|Mixed Platforms = Debug|Mixed Platforms
		Debug|x86 = Debug|x86
		DebugLocal|Any CPU = DebugLocal|Any CPU
		DebugLocal|Mixed Platforms = DebugLocal|Mixed Platforms
		DebugLocal|x86 = DebugLocal|x86
		Production|Any CPU = Production|Any CPU
		Production|Mixed Platforms = Production|Mixed Platforms
		Production|x86 = Production|x86
		Release|Any CPU = Release|Any CPU
		Release|Mixed Platforms = Release|Mixed Platforms
		Release|x86 = Release|x86
		Staging|Any CPU = Staging|Any CPU
		Staging|Mixed Platforms = Staging|Mixed Platforms
		Staging|x86 = Staging|x86
		StagingLocal|Any CPU = StagingLocal|Any CPU
		StagingLocal|Mixed Platforms = StagingLocal|Mixed Platforms
		StagingLocal|x86 = StagingLocal|x86
	EndGlobalSection
	GlobalSection(ProjectConfigurationPlatforms) = postSolution
		{F6760B70-BABA-4E6D-9145-B0C955322F79}.Debug|Any CPU.ActiveCfg = Debug|x86
		{F6760B70-BABA-4E6D-9145-B0C955322F79}.Debug|Any CPU.Build.0 = Debug|x86
		{F6760B70-BABA-4E6D-9145-B0C955322F79}.Debug|Mixed Platforms.ActiveCfg = Debug|x86
		{F6760B70-BABA-4E6D-9145-B0C955322F79}.Debug|Mixed Platforms.Build.0 = Debug|x86
		{F6760B70-BABA-4E6D-9145-B0C955322F79}.Debug|x86.ActiveCfg = Debug|x86
		{F6760B70-BABA-4E6D-9145-B0C955322F79}.Debug|x86.Build.0 = Debug|x86
		{F6760B70-BABA-4E6D-9145-B0C955322F79}.DebugLocal|Any CPU.ActiveCfg = Debug|x86
		{F6760B70-BABA-4E6D-9145-B0C955322F79}.DebugLocal|Mixed Platforms.ActiveCfg = Debug|x86
		{F6760B70-BABA-4E6D-9145-B0C955322F79}.DebugLocal|Mixed Platforms.Build.0 = Debug|x86
		{F6760B70-BABA-4E6D-9145-B0C955322F79}.DebugLocal|x86.ActiveCfg = Debug|x86
		{F6760B70-BABA-4E6D-9145-B0C955322F79}.DebugLocal|x86.Build.0 = Debug|x86
		{F6760B70-BABA-4E6D-9145-B0C955322F79}.Production|Any CPU.ActiveCfg = Release|x86
		{F6760B70-BABA-4E6D-9145-B0C955322F79}.Production|Mixed Platforms.ActiveCfg = Release|x86
		{F6760B70-BABA-4E6D-9145-B0C955322F79}.Production|Mixed Platforms.Build.0 = Release|x86
		{F6760B70-BABA-4E6D-9145-B0C955322F79}.Production|x86.ActiveCfg = Release|x86
		{F6760B70-BABA-4E6D-9145-B0C955322F79}.Production|x86.Build.0 = Release|x86
		{F6760B70-BABA-4E6D-9145-B0C955322F79}.Release|Any CPU.ActiveCfg = Release|Any CPU
		{F6760B70-BABA-4E6D-9145-B0C955322F79}.Release|Any CPU.Build.0 = Release|Any CPU
		{F6760B70-BABA-4E6D-9145-B0C955322F79}.Release|Mixed Platforms.ActiveCfg = Release|Any CPU
		{F6760B70-BABA-4E6D-9145-B0C955322F79}.Release|Mixed Platforms.Build.0 = Release|Any CPU
		{F6760B70-BABA-4E6D-9145-B0C955322F79}.Release|x86.ActiveCfg = Release|x86
		{F6760B70-BABA-4E6D-9145-B0C955322F79}.Release|x86.Build.0 = Release|x86
		{F6760B70-BABA-4E6D-9145-B0C955322F79}.Staging|Any CPU.ActiveCfg = Staging|Any CPU
		{F6760B70-BABA-4E6D-9145-B0C955322F79}.Staging|Any CPU.Build.0 = Staging|Any CPU
		{F6760B70-BABA-4E6D-9145-B0C955322F79}.Staging|Mixed Platforms.ActiveCfg = Staging|Any CPU
		{F6760B70-BABA-4E6D-9145-B0C955322F79}.Staging|Mixed Platforms.Build.0 = Staging|Any CPU
		{F6760B70-BABA-4E6D-9145-B0C955322F79}.Staging|x86.ActiveCfg = Staging|x86
		{F6760B70-BABA-4E6D-9145-B0C955322F79}.Staging|x86.Build.0 = Staging|x86
		{F6760B70-BABA-4E6D-9145-B0C955322F79}.StagingLocal|Any CPU.ActiveCfg = StagingLocal|Any CPU
		{F6760B70-BABA-4E6D-9145-B0C955322F79}.StagingLocal|Any CPU.Build.0 = StagingLocal|Any CPU
		{F6760B70-BABA-4E6D-9145-B0C955322F79}.StagingLocal|Mixed Platforms.ActiveCfg = StagingLocal|x86
		{F6760B70-BABA-4E6D-9145-B0C955322F79}.StagingLocal|Mixed Platforms.Build.0 = StagingLocal|x86
		{F6760B70-BABA-4E6D-9145-B0C955322F79}.StagingLocal|x86.ActiveCfg = StagingLocal|x86
		{F6760B70-BABA-4E6D-9145-B0C955322F79}.StagingLocal|x86.Build.0 = StagingLocal|x86
		{E996F7FC-5489-4BF5-BE3A-F71CCC906F24}.Debug|Any CPU.ActiveCfg = Debug|Any CPU
		{E996F7FC-5489-4BF5-BE3A-F71CCC906F24}.Debug|Any CPU.Build.0 = Debug|Any CPU
		{E996F7FC-5489-4BF5-BE3A-F71CCC906F24}.Debug|Mixed Platforms.ActiveCfg = Debug|Any CPU
		{E996F7FC-5489-4BF5-BE3A-F71CCC906F24}.Debug|Mixed Platforms.Build.0 = Debug|Any CPU
		{E996F7FC-5489-4BF5-BE3A-F71CCC906F24}.Debug|x86.ActiveCfg = Debug|x86
		{E996F7FC-5489-4BF5-BE3A-F71CCC906F24}.Debug|x86.Build.0 = Debug|x86
		{E996F7FC-5489-4BF5-BE3A-F71CCC906F24}.DebugLocal|Any CPU.ActiveCfg = Debug|x86
		{E996F7FC-5489-4BF5-BE3A-F71CCC906F24}.DebugLocal|Mixed Platforms.ActiveCfg = Debug|x86
		{E996F7FC-5489-4BF5-BE3A-F71CCC906F24}.DebugLocal|Mixed Platforms.Build.0 = Debug|x86
		{E996F7FC-5489-4BF5-BE3A-F71CCC906F24}.DebugLocal|x86.ActiveCfg = Debug|x86
		{E996F7FC-5489-4BF5-BE3A-F71CCC906F24}.DebugLocal|x86.Build.0 = Debug|x86
		{E996F7FC-5489-4BF5-BE3A-F71CCC906F24}.Production|Any CPU.ActiveCfg = Release|x86
		{E996F7FC-5489-4BF5-BE3A-F71CCC906F24}.Production|Mixed Platforms.ActiveCfg = Release|x86
		{E996F7FC-5489-4BF5-BE3A-F71CCC906F24}.Production|Mixed Platforms.Build.0 = Release|x86
		{E996F7FC-5489-4BF5-BE3A-F71CCC906F24}.Production|x86.ActiveCfg = Release|x86
		{E996F7FC-5489-4BF5-BE3A-F71CCC906F24}.Production|x86.Build.0 = Release|x86
		{E996F7FC-5489-4BF5-BE3A-F71CCC906F24}.Release|Any CPU.ActiveCfg = Release|Any CPU
		{E996F7FC-5489-4BF5-BE3A-F71CCC906F24}.Release|Any CPU.Build.0 = Release|Any CPU
		{E996F7FC-5489-4BF5-BE3A-F71CCC906F24}.Release|Mixed Platforms.ActiveCfg = Release|Any CPU
		{E996F7FC-5489-4BF5-BE3A-F71CCC906F24}.Release|Mixed Platforms.Build.0 = Release|Any CPU
		{E996F7FC-5489-4BF5-BE3A-F71CCC906F24}.Release|x86.ActiveCfg = Release|x86
		{E996F7FC-5489-4BF5-BE3A-F71CCC906F24}.Release|x86.Build.0 = Release|x86
		{E996F7FC-5489-4BF5-BE3A-F71CCC906F24}.Staging|Any CPU.ActiveCfg = Staging|Any CPU
		{E996F7FC-5489-4BF5-BE3A-F71CCC906F24}.Staging|Any CPU.Build.0 = Staging|Any CPU
		{E996F7FC-5489-4BF5-BE3A-F71CCC906F24}.Staging|Mixed Platforms.ActiveCfg = Staging|Any CPU
		{E996F7FC-5489-4BF5-BE3A-F71CCC906F24}.Staging|Mixed Platforms.Build.0 = Staging|Any CPU
		{E996F7FC-5489-4BF5-BE3A-F71CCC906F24}.Staging|x86.ActiveCfg = Staging|x86
		{E996F7FC-5489-4BF5-BE3A-F71CCC906F24}.Staging|x86.Build.0 = Staging|x86
		{E996F7FC-5489-4BF5-BE3A-F71CCC906F24}.StagingLocal|Any CPU.ActiveCfg = StagingLocal|Any CPU
		{E996F7FC-5489-4BF5-BE3A-F71CCC906F24}.StagingLocal|Any CPU.Build.0 = StagingLocal|Any CPU
		{E996F7FC-5489-4BF5-BE3A-F71CCC906F24}.StagingLocal|Mixed Platforms.ActiveCfg = StagingLocal|x86
		{E996F7FC-5489-4BF5-BE3A-F71CCC906F24}.StagingLocal|Mixed Platforms.Build.0 = StagingLocal|x86
		{E996F7FC-5489-4BF5-BE3A-F71CCC906F24}.StagingLocal|x86.ActiveCfg = StagingLocal|x86
		{E996F7FC-5489-4BF5-BE3A-F71CCC906F24}.StagingLocal|x86.Build.0 = StagingLocal|x86
		{0792E288-1BAB-4225-B979-B4CA9E792804}.Debug|Any CPU.ActiveCfg = Debug|Any CPU
		{0792E288-1BAB-4225-B979-B4CA9E792804}.Debug|Any CPU.Build.0 = Debug|Any CPU
		{0792E288-1BAB-4225-B979-B4CA9E792804}.Debug|Mixed Platforms.ActiveCfg = Debug|Any CPU
		{0792E288-1BAB-4225-B979-B4CA9E792804}.Debug|Mixed Platforms.Build.0 = Debug|Any CPU
		{0792E288-1BAB-4225-B979-B4CA9E792804}.Debug|x86.ActiveCfg = Debug|x86
		{0792E288-1BAB-4225-B979-B4CA9E792804}.Debug|x86.Build.0 = Debug|x86
		{0792E288-1BAB-4225-B979-B4CA9E792804}.DebugLocal|Any CPU.ActiveCfg = Debug|x86
		{0792E288-1BAB-4225-B979-B4CA9E792804}.DebugLocal|Mixed Platforms.ActiveCfg = Debug|x86
		{0792E288-1BAB-4225-B979-B4CA9E792804}.DebugLocal|Mixed Platforms.Build.0 = Debug|x86
		{0792E288-1BAB-4225-B979-B4CA9E792804}.DebugLocal|x86.ActiveCfg = Debug|x86
		{0792E288-1BAB-4225-B979-B4CA9E792804}.DebugLocal|x86.Build.0 = Debug|x86
		{0792E288-1BAB-4225-B979-B4CA9E792804}.Production|Any CPU.ActiveCfg = Release|x86
		{0792E288-1BAB-4225-B979-B4CA9E792804}.Production|Mixed Platforms.ActiveCfg = Release|x86
		{0792E288-1BAB-4225-B979-B4CA9E792804}.Production|Mixed Platforms.Build.0 = Release|x86
		{0792E288-1BAB-4225-B979-B4CA9E792804}.Production|x86.ActiveCfg = Release|x86
		{0792E288-1BAB-4225-B979-B4CA9E792804}.Production|x86.Build.0 = Release|x86
		{0792E288-1BAB-4225-B979-B4CA9E792804}.Release|Any CPU.ActiveCfg = Release|Any CPU
		{0792E288-1BAB-4225-B979-B4CA9E792804}.Release|Any CPU.Build.0 = Release|Any CPU
		{0792E288-1BAB-4225-B979-B4CA9E792804}.Release|Mixed Platforms.ActiveCfg = Release|Any CPU
		{0792E288-1BAB-4225-B979-B4CA9E792804}.Release|Mixed Platforms.Build.0 = Release|Any CPU
		{0792E288-1BAB-4225-B979-B4CA9E792804}.Release|x86.ActiveCfg = Release|x86
		{0792E288-1BAB-4225-B979-B4CA9E792804}.Release|x86.Build.0 = Release|x86
		{0792E288-1BAB-4225-B979-B4CA9E792804}.Staging|Any CPU.ActiveCfg = Staging|Any CPU
		{0792E288-1BAB-4225-B979-B4CA9E792804}.Staging|Any CPU.Build.0 = Staging|Any CPU
		{0792E288-1BAB-4225-B979-B4CA9E792804}.Staging|Mixed Platforms.ActiveCfg = Staging|Any CPU
		{0792E288-1BAB-4225-B979-B4CA9E792804}.Staging|Mixed Platforms.Build.0 = Staging|Any CPU
		{0792E288-1BAB-4225-B979-B4CA9E792804}.Staging|x86.ActiveCfg = Staging|x86
		{0792E288-1BAB-4225-B979-B4CA9E792804}.Staging|x86.Build.0 = Staging|x86
		{0792E288-1BAB-4225-B979-B4CA9E792804}.StagingLocal|Any CPU.ActiveCfg = StagingLocal|Any CPU
		{0792E288-1BAB-4225-B979-B4CA9E792804}.StagingLocal|Any CPU.Build.0 = StagingLocal|Any CPU
		{0792E288-1BAB-4225-B979-B4CA9E792804}.StagingLocal|Mixed Platforms.ActiveCfg = StagingLocal|x86
		{0792E288-1BAB-4225-B979-B4CA9E792804}.StagingLocal|Mixed Platforms.Build.0 = StagingLocal|x86
		{0792E288-1BAB-4225-B979-B4CA9E792804}.StagingLocal|x86.ActiveCfg = StagingLocal|x86
		{0792E288-1BAB-4225-B979-B4CA9E792804}.StagingLocal|x86.Build.0 = StagingLocal|x86
		{EF24801A-36F4-459A-B695-B53BF3450467}.Debug|Any CPU.ActiveCfg = Debug|Any CPU
		{EF24801A-36F4-459A-B695-B53BF3450467}.Debug|Mixed Platforms.ActiveCfg = Debug|Any CPU
		{EF24801A-36F4-459A-B695-B53BF3450467}.Debug|Mixed Platforms.Build.0 = Debug|Any CPU
		{EF24801A-36F4-459A-B695-B53BF3450467}.Debug|x86.ActiveCfg = Debug|Any CPU
		{EF24801A-36F4-459A-B695-B53BF3450467}.DebugLocal|Any CPU.ActiveCfg = Debug|Any CPU
		{EF24801A-36F4-459A-B695-B53BF3450467}.DebugLocal|Any CPU.Build.0 = Debug|Any CPU
		{EF24801A-36F4-459A-B695-B53BF3450467}.DebugLocal|Mixed Platforms.ActiveCfg = Debug|Any CPU
		{EF24801A-36F4-459A-B695-B53BF3450467}.DebugLocal|Mixed Platforms.Build.0 = Debug|Any CPU
		{EF24801A-36F4-459A-B695-B53BF3450467}.DebugLocal|x86.ActiveCfg = Debug|Any CPU
		{EF24801A-36F4-459A-B695-B53BF3450467}.Production|Any CPU.ActiveCfg = Release|Any CPU
		{EF24801A-36F4-459A-B695-B53BF3450467}.Production|Any CPU.Build.0 = Release|Any CPU
		{EF24801A-36F4-459A-B695-B53BF3450467}.Production|Mixed Platforms.ActiveCfg = Release|Any CPU
		{EF24801A-36F4-459A-B695-B53BF3450467}.Production|Mixed Platforms.Build.0 = Release|Any CPU
		{EF24801A-36F4-459A-B695-B53BF3450467}.Production|x86.ActiveCfg = Release|Any CPU
		{EF24801A-36F4-459A-B695-B53BF3450467}.Release|Any CPU.ActiveCfg = Release|Any CPU
		{EF24801A-36F4-459A-B695-B53BF3450467}.Release|Any CPU.Build.0 = Release|Any CPU
		{EF24801A-36F4-459A-B695-B53BF3450467}.Release|Mixed Platforms.ActiveCfg = Release|Any CPU
		{EF24801A-36F4-459A-B695-B53BF3450467}.Release|Mixed Platforms.Build.0 = Release|Any CPU
		{EF24801A-36F4-459A-B695-B53BF3450467}.Release|x86.ActiveCfg = Release|Any CPU
		{EF24801A-36F4-459A-B695-B53BF3450467}.Staging|Any CPU.ActiveCfg = Staging|Any CPU
		{EF24801A-36F4-459A-B695-B53BF3450467}.Staging|Any CPU.Build.0 = Staging|Any CPU
		{EF24801A-36F4-459A-B695-B53BF3450467}.Staging|Mixed Platforms.ActiveCfg = Staging|Any CPU
		{EF24801A-36F4-459A-B695-B53BF3450467}.Staging|Mixed Platforms.Build.0 = Staging|Any CPU
		{EF24801A-36F4-459A-B695-B53BF3450467}.Staging|x86.ActiveCfg = Staging|Any CPU
		{EF24801A-36F4-459A-B695-B53BF3450467}.StagingLocal|Any CPU.ActiveCfg = StagingLocal|Any CPU
		{EF24801A-36F4-459A-B695-B53BF3450467}.StagingLocal|Any CPU.Build.0 = StagingLocal|Any CPU
		{EF24801A-36F4-459A-B695-B53BF3450467}.StagingLocal|Mixed Platforms.ActiveCfg = StagingLocal|Any CPU
		{EF24801A-36F4-459A-B695-B53BF3450467}.StagingLocal|Mixed Platforms.Build.0 = StagingLocal|Any CPU
		{EF24801A-36F4-459A-B695-B53BF3450467}.StagingLocal|x86.ActiveCfg = StagingLocal|Any CPU
		{168F88CC-41DB-4A25-9FD0-2B48D1718CA1}.Debug|Any CPU.ActiveCfg = Debug|Any CPU
		{168F88CC-41DB-4A25-9FD0-2B48D1718CA1}.Debug|Mixed Platforms.ActiveCfg = Debug|Any CPU
		{168F88CC-41DB-4A25-9FD0-2B48D1718CA1}.Debug|Mixed Platforms.Build.0 = Debug|Any CPU
		{168F88CC-41DB-4A25-9FD0-2B48D1718CA1}.Debug|x86.ActiveCfg = Debug|Any CPU
		{168F88CC-41DB-4A25-9FD0-2B48D1718CA1}.DebugLocal|Any CPU.ActiveCfg = Debug|Any CPU
		{168F88CC-41DB-4A25-9FD0-2B48D1718CA1}.DebugLocal|Any CPU.Build.0 = Debug|Any CPU
		{168F88CC-41DB-4A25-9FD0-2B48D1718CA1}.DebugLocal|Mixed Platforms.ActiveCfg = Debug|Any CPU
		{168F88CC-41DB-4A25-9FD0-2B48D1718CA1}.DebugLocal|Mixed Platforms.Build.0 = Debug|Any CPU
		{168F88CC-41DB-4A25-9FD0-2B48D1718CA1}.DebugLocal|x86.ActiveCfg = Debug|Any CPU
		{168F88CC-41DB-4A25-9FD0-2B48D1718CA1}.Production|Any CPU.ActiveCfg = Release|Any CPU
		{168F88CC-41DB-4A25-9FD0-2B48D1718CA1}.Production|Any CPU.Build.0 = Release|Any CPU
		{168F88CC-41DB-4A25-9FD0-2B48D1718CA1}.Production|Mixed Platforms.ActiveCfg = Release|Any CPU
		{168F88CC-41DB-4A25-9FD0-2B48D1718CA1}.Production|Mixed Platforms.Build.0 = Release|Any CPU
		{168F88CC-41DB-4A25-9FD0-2B48D1718CA1}.Production|x86.ActiveCfg = Release|Any CPU
		{168F88CC-41DB-4A25-9FD0-2B48D1718CA1}.Release|Any CPU.ActiveCfg = Release|Any CPU
		{168F88CC-41DB-4A25-9FD0-2B48D1718CA1}.Release|Any CPU.Build.0 = Release|Any CPU
		{168F88CC-41DB-4A25-9FD0-2B48D1718CA1}.Release|Mixed Platforms.ActiveCfg = Release|Any CPU
		{168F88CC-41DB-4A25-9FD0-2B48D1718CA1}.Release|Mixed Platforms.Build.0 = Release|Any CPU
		{168F88CC-41DB-4A25-9FD0-2B48D1718CA1}.Release|x86.ActiveCfg = Release|Any CPU
		{168F88CC-41DB-4A25-9FD0-2B48D1718CA1}.Staging|Any CPU.ActiveCfg = Staging|Any CPU
		{168F88CC-41DB-4A25-9FD0-2B48D1718CA1}.Staging|Any CPU.Build.0 = Staging|Any CPU
		{168F88CC-41DB-4A25-9FD0-2B48D1718CA1}.Staging|Mixed Platforms.ActiveCfg = Staging|Any CPU
		{168F88CC-41DB-4A25-9FD0-2B48D1718CA1}.Staging|Mixed Platforms.Build.0 = Staging|Any CPU
		{168F88CC-41DB-4A25-9FD0-2B48D1718CA1}.Staging|x86.ActiveCfg = Staging|Any CPU
		{168F88CC-41DB-4A25-9FD0-2B48D1718CA1}.StagingLocal|Any CPU.ActiveCfg = StagingLocal|Any CPU
		{168F88CC-41DB-4A25-9FD0-2B48D1718CA1}.StagingLocal|Any CPU.Build.0 = StagingLocal|Any CPU
		{168F88CC-41DB-4A25-9FD0-2B48D1718CA1}.StagingLocal|Mixed Platforms.ActiveCfg = StagingLocal|Any CPU
		{168F88CC-41DB-4A25-9FD0-2B48D1718CA1}.StagingLocal|Mixed Platforms.Build.0 = StagingLocal|Any CPU
		{168F88CC-41DB-4A25-9FD0-2B48D1718CA1}.StagingLocal|x86.ActiveCfg = StagingLocal|Any CPU
		{30A31390-246B-4469-8DD8-3B380D5D9D59}.Debug|Any CPU.ActiveCfg = Debug|Any CPU
		{30A31390-246B-4469-8DD8-3B380D5D9D59}.Debug|Mixed Platforms.ActiveCfg = Debug|Any CPU
		{30A31390-246B-4469-8DD8-3B380D5D9D59}.Debug|Mixed Platforms.Build.0 = Debug|Any CPU
		{30A31390-246B-4469-8DD8-3B380D5D9D59}.Debug|x86.ActiveCfg = Debug|Any CPU
		{30A31390-246B-4469-8DD8-3B380D5D9D59}.DebugLocal|Any CPU.ActiveCfg = Debug|Any CPU
		{30A31390-246B-4469-8DD8-3B380D5D9D59}.DebugLocal|Any CPU.Build.0 = Debug|Any CPU
		{30A31390-246B-4469-8DD8-3B380D5D9D59}.DebugLocal|Mixed Platforms.ActiveCfg = Debug|Any CPU
		{30A31390-246B-4469-8DD8-3B380D5D9D59}.DebugLocal|Mixed Platforms.Build.0 = Debug|Any CPU
		{30A31390-246B-4469-8DD8-3B380D5D9D59}.DebugLocal|x86.ActiveCfg = Debug|Any CPU
		{30A31390-246B-4469-8DD8-3B380D5D9D59}.Production|Any CPU.ActiveCfg = Release|Any CPU
		{30A31390-246B-4469-8DD8-3B380D5D9D59}.Production|Any CPU.Build.0 = Release|Any CPU
		{30A31390-246B-4469-8DD8-3B380D5D9D59}.Production|Mixed Platforms.ActiveCfg = Release|Any CPU
		{30A31390-246B-4469-8DD8-3B380D5D9D59}.Production|Mixed Platforms.Build.0 = Release|Any CPU
		{30A31390-246B-4469-8DD8-3B380D5D9D59}.Production|x86.ActiveCfg = Release|Any CPU
		{30A31390-246B-4469-8DD8-3B380D5D9D59}.Release|Any CPU.ActiveCfg = Release|Any CPU
		{30A31390-246B-4469-8DD8-3B380D5D9D59}.Release|Any CPU.Build.0 = Release|Any CPU
		{30A31390-246B-4469-8DD8-3B380D5D9D59}.Release|Mixed Platforms.ActiveCfg = Release|Any CPU
		{30A31390-246B-4469-8DD8-3B380D5D9D59}.Release|Mixed Platforms.Build.0 = Release|Any CPU
		{30A31390-246B-4469-8DD8-3B380D5D9D59}.Release|x86.ActiveCfg = Release|Any CPU
		{30A31390-246B-4469-8DD8-3B380D5D9D59}.Staging|Any CPU.ActiveCfg = Staging|Any CPU
		{30A31390-246B-4469-8DD8-3B380D5D9D59}.Staging|Any CPU.Build.0 = Staging|Any CPU
		{30A31390-246B-4469-8DD8-3B380D5D9D59}.Staging|Mixed Platforms.ActiveCfg = Staging|Any CPU
		{30A31390-246B-4469-8DD8-3B380D5D9D59}.Staging|Mixed Platforms.Build.0 = Staging|Any CPU
		{30A31390-246B-4469-8DD8-3B380D5D9D59}.Staging|x86.ActiveCfg = Staging|Any CPU
		{30A31390-246B-4469-8DD8-3B380D5D9D59}.StagingLocal|Any CPU.ActiveCfg = StagingLocal|Any CPU
		{30A31390-246B-4469-8DD8-3B380D5D9D59}.StagingLocal|Any CPU.Build.0 = StagingLocal|Any CPU
		{30A31390-246B-4469-8DD8-3B380D5D9D59}.StagingLocal|Mixed Platforms.ActiveCfg = StagingLocal|Any CPU
		{30A31390-246B-4469-8DD8-3B380D5D9D59}.StagingLocal|Mixed Platforms.Build.0 = StagingLocal|Any CPU
		{30A31390-246B-4469-8DD8-3B380D5D9D59}.StagingLocal|x86.ActiveCfg = StagingLocal|Any CPU
		{154101F3-90E1-499A-B6A4-79D4493BE6F4}.Debug|Any CPU.ActiveCfg = Debug|Any CPU
		{154101F3-90E1-499A-B6A4-79D4493BE6F4}.Debug|Any CPU.Build.0 = Debug|Any CPU
		{154101F3-90E1-499A-B6A4-79D4493BE6F4}.Debug|Mixed Platforms.ActiveCfg = Debug|Any CPU
		{154101F3-90E1-499A-B6A4-79D4493BE6F4}.Debug|Mixed Platforms.Build.0 = Debug|Any CPU
		{154101F3-90E1-499A-B6A4-79D4493BE6F4}.Debug|x86.ActiveCfg = Debug|x86
		{154101F3-90E1-499A-B6A4-79D4493BE6F4}.Debug|x86.Build.0 = Debug|x86
		{154101F3-90E1-499A-B6A4-79D4493BE6F4}.DebugLocal|Any CPU.ActiveCfg = Debug|Any CPU
		{154101F3-90E1-499A-B6A4-79D4493BE6F4}.DebugLocal|Any CPU.Build.0 = Debug|Any CPU
		{154101F3-90E1-499A-B6A4-79D4493BE6F4}.DebugLocal|Mixed Platforms.ActiveCfg = Debug|Any CPU
		{154101F3-90E1-499A-B6A4-79D4493BE6F4}.DebugLocal|Mixed Platforms.Build.0 = Debug|Any CPU
		{154101F3-90E1-499A-B6A4-79D4493BE6F4}.DebugLocal|x86.ActiveCfg = Debug|Any CPU
		{154101F3-90E1-499A-B6A4-79D4493BE6F4}.Production|Any CPU.ActiveCfg = Release|Any CPU
		{154101F3-90E1-499A-B6A4-79D4493BE6F4}.Production|Any CPU.Build.0 = Release|Any CPU
		{154101F3-90E1-499A-B6A4-79D4493BE6F4}.Production|Mixed Platforms.ActiveCfg = Release|Any CPU
		{154101F3-90E1-499A-B6A4-79D4493BE6F4}.Production|Mixed Platforms.Build.0 = Release|Any CPU
		{154101F3-90E1-499A-B6A4-79D4493BE6F4}.Production|x86.ActiveCfg = Release|Any CPU
		{154101F3-90E1-499A-B6A4-79D4493BE6F4}.Release|Any CPU.ActiveCfg = Release|Any CPU
		{154101F3-90E1-499A-B6A4-79D4493BE6F4}.Release|Any CPU.Build.0 = Release|Any CPU
		{154101F3-90E1-499A-B6A4-79D4493BE6F4}.Release|Mixed Platforms.ActiveCfg = Release|Any CPU
		{154101F3-90E1-499A-B6A4-79D4493BE6F4}.Release|Mixed Platforms.Build.0 = Release|Any CPU
		{154101F3-90E1-499A-B6A4-79D4493BE6F4}.Release|x86.ActiveCfg = Release|Any CPU
		{154101F3-90E1-499A-B6A4-79D4493BE6F4}.Staging|Any CPU.ActiveCfg = Staging|Any CPU
		{154101F3-90E1-499A-B6A4-79D4493BE6F4}.Staging|Any CPU.Build.0 = Staging|Any CPU
		{154101F3-90E1-499A-B6A4-79D4493BE6F4}.Staging|Mixed Platforms.ActiveCfg = Staging|Any CPU
		{154101F3-90E1-499A-B6A4-79D4493BE6F4}.Staging|Mixed Platforms.Build.0 = Staging|Any CPU
		{154101F3-90E1-499A-B6A4-79D4493BE6F4}.Staging|x86.ActiveCfg = Staging|x86
		{154101F3-90E1-499A-B6A4-79D4493BE6F4}.Staging|x86.Build.0 = Staging|x86
		{154101F3-90E1-499A-B6A4-79D4493BE6F4}.StagingLocal|Any CPU.ActiveCfg = StagingLocal|Any CPU
		{154101F3-90E1-499A-B6A4-79D4493BE6F4}.StagingLocal|Any CPU.Build.0 = StagingLocal|Any CPU
		{154101F3-90E1-499A-B6A4-79D4493BE6F4}.StagingLocal|Mixed Platforms.ActiveCfg = StagingLocal|x86
		{154101F3-90E1-499A-B6A4-79D4493BE6F4}.StagingLocal|Mixed Platforms.Build.0 = StagingLocal|x86
		{154101F3-90E1-499A-B6A4-79D4493BE6F4}.StagingLocal|x86.ActiveCfg = StagingLocal|x86
		{154101F3-90E1-499A-B6A4-79D4493BE6F4}.StagingLocal|x86.Build.0 = StagingLocal|x86
		{11C74E56-9BFD-47D7-A9B9-AD9F807325B8}.Debug|Any CPU.ActiveCfg = Debug|Any CPU
		{11C74E56-9BFD-47D7-A9B9-AD9F807325B8}.Debug|Mixed Platforms.ActiveCfg = Debug|Any CPU
		{11C74E56-9BFD-47D7-A9B9-AD9F807325B8}.Debug|Mixed Platforms.Build.0 = Debug|Any CPU
		{11C74E56-9BFD-47D7-A9B9-AD9F807325B8}.Debug|x86.ActiveCfg = Debug|Any CPU
		{11C74E56-9BFD-47D7-A9B9-AD9F807325B8}.DebugLocal|Any CPU.ActiveCfg = Debug|Any CPU
		{11C74E56-9BFD-47D7-A9B9-AD9F807325B8}.DebugLocal|Any CPU.Build.0 = Debug|Any CPU
		{11C74E56-9BFD-47D7-A9B9-AD9F807325B8}.DebugLocal|Mixed Platforms.ActiveCfg = Debug|Any CPU
		{11C74E56-9BFD-47D7-A9B9-AD9F807325B8}.DebugLocal|Mixed Platforms.Build.0 = Debug|Any CPU
		{11C74E56-9BFD-47D7-A9B9-AD9F807325B8}.DebugLocal|x86.ActiveCfg = Debug|Any CPU
		{11C74E56-9BFD-47D7-A9B9-AD9F807325B8}.Production|Any CPU.ActiveCfg = Release|Any CPU
		{11C74E56-9BFD-47D7-A9B9-AD9F807325B8}.Production|Any CPU.Build.0 = Release|Any CPU
		{11C74E56-9BFD-47D7-A9B9-AD9F807325B8}.Production|Mixed Platforms.ActiveCfg = Release|Any CPU
		{11C74E56-9BFD-47D7-A9B9-AD9F807325B8}.Production|Mixed Platforms.Build.0 = Release|Any CPU
		{11C74E56-9BFD-47D7-A9B9-AD9F807325B8}.Production|x86.ActiveCfg = Release|Any CPU
		{11C74E56-9BFD-47D7-A9B9-AD9F807325B8}.Release|Any CPU.ActiveCfg = Release|Any CPU
		{11C74E56-9BFD-47D7-A9B9-AD9F807325B8}.Release|Any CPU.Build.0 = Release|Any CPU
		{11C74E56-9BFD-47D7-A9B9-AD9F807325B8}.Release|Mixed Platforms.ActiveCfg = Release|Any CPU
		{11C74E56-9BFD-47D7-A9B9-AD9F807325B8}.Release|Mixed Platforms.Build.0 = Release|Any CPU
		{11C74E56-9BFD-47D7-A9B9-AD9F807325B8}.Release|x86.ActiveCfg = Release|Any CPU
		{11C74E56-9BFD-47D7-A9B9-AD9F807325B8}.Staging|Any CPU.ActiveCfg = Staging|Any CPU
		{11C74E56-9BFD-47D7-A9B9-AD9F807325B8}.Staging|Any CPU.Build.0 = Staging|Any CPU
		{11C74E56-9BFD-47D7-A9B9-AD9F807325B8}.Staging|Mixed Platforms.ActiveCfg = Staging|Any CPU
		{11C74E56-9BFD-47D7-A9B9-AD9F807325B8}.Staging|Mixed Platforms.Build.0 = Staging|Any CPU
		{11C74E56-9BFD-47D7-A9B9-AD9F807325B8}.Staging|x86.ActiveCfg = Staging|Any CPU
		{11C74E56-9BFD-47D7-A9B9-AD9F807325B8}.StagingLocal|Any CPU.ActiveCfg = StagingLocal|Any CPU
		{11C74E56-9BFD-47D7-A9B9-AD9F807325B8}.StagingLocal|Any CPU.Build.0 = StagingLocal|Any CPU
		{11C74E56-9BFD-47D7-A9B9-AD9F807325B8}.StagingLocal|Mixed Platforms.ActiveCfg = StagingLocal|Any CPU
		{11C74E56-9BFD-47D7-A9B9-AD9F807325B8}.StagingLocal|Mixed Platforms.Build.0 = StagingLocal|Any CPU
		{11C74E56-9BFD-47D7-A9B9-AD9F807325B8}.StagingLocal|x86.ActiveCfg = StagingLocal|Any CPU
		{A164F30F-BF7B-4F57-8D8F-B81460E6A0DF}.Debug|Any CPU.ActiveCfg = Debug|Any CPU
		{A164F30F-BF7B-4F57-8D8F-B81460E6A0DF}.Debug|Any CPU.Build.0 = Debug|Any CPU
		{A164F30F-BF7B-4F57-8D8F-B81460E6A0DF}.Debug|Mixed Platforms.ActiveCfg = Debug|Any CPU
		{A164F30F-BF7B-4F57-8D8F-B81460E6A0DF}.Debug|Mixed Platforms.Build.0 = Debug|Any CPU
		{A164F30F-BF7B-4F57-8D8F-B81460E6A0DF}.Debug|x86.ActiveCfg = Debug|Any CPU
		{A164F30F-BF7B-4F57-8D8F-B81460E6A0DF}.DebugLocal|Any CPU.ActiveCfg = Debug|Any CPU
		{A164F30F-BF7B-4F57-8D8F-B81460E6A0DF}.DebugLocal|Any CPU.Build.0 = Debug|Any CPU
		{A164F30F-BF7B-4F57-8D8F-B81460E6A0DF}.DebugLocal|Mixed Platforms.ActiveCfg = Debug|Any CPU
		{A164F30F-BF7B-4F57-8D8F-B81460E6A0DF}.DebugLocal|Mixed Platforms.Build.0 = Debug|Any CPU
		{A164F30F-BF7B-4F57-8D8F-B81460E6A0DF}.DebugLocal|x86.ActiveCfg = Debug|Any CPU
		{A164F30F-BF7B-4F57-8D8F-B81460E6A0DF}.Production|Any CPU.ActiveCfg = Release|Any CPU
		{A164F30F-BF7B-4F57-8D8F-B81460E6A0DF}.Production|Any CPU.Build.0 = Release|Any CPU
		{A164F30F-BF7B-4F57-8D8F-B81460E6A0DF}.Production|Mixed Platforms.ActiveCfg = Release|Any CPU
		{A164F30F-BF7B-4F57-8D8F-B81460E6A0DF}.Production|Mixed Platforms.Build.0 = Release|Any CPU
		{A164F30F-BF7B-4F57-8D8F-B81460E6A0DF}.Production|x86.ActiveCfg = Release|Any CPU
		{A164F30F-BF7B-4F57-8D8F-B81460E6A0DF}.Release|Any CPU.ActiveCfg = Release|Any CPU
		{A164F30F-BF7B-4F57-8D8F-B81460E6A0DF}.Release|Any CPU.Build.0 = Release|Any CPU
		{A164F30F-BF7B-4F57-8D8F-B81460E6A0DF}.Release|Mixed Platforms.ActiveCfg = Release|Any CPU
		{A164F30F-BF7B-4F57-8D8F-B81460E6A0DF}.Release|Mixed Platforms.Build.0 = Release|Any CPU
		{A164F30F-BF7B-4F57-8D8F-B81460E6A0DF}.Release|x86.ActiveCfg = Release|Any CPU
		{A164F30F-BF7B-4F57-8D8F-B81460E6A0DF}.Staging|Any CPU.ActiveCfg = Release|Any CPU
		{A164F30F-BF7B-4F57-8D8F-B81460E6A0DF}.Staging|Any CPU.Build.0 = Release|Any CPU
		{A164F30F-BF7B-4F57-8D8F-B81460E6A0DF}.Staging|Mixed Platforms.ActiveCfg = Release|Any CPU
		{A164F30F-BF7B-4F57-8D8F-B81460E6A0DF}.Staging|Mixed Platforms.Build.0 = Release|Any CPU
		{A164F30F-BF7B-4F57-8D8F-B81460E6A0DF}.Staging|x86.ActiveCfg = Release|Any CPU
		{A164F30F-BF7B-4F57-8D8F-B81460E6A0DF}.StagingLocal|Any CPU.ActiveCfg = StagingLocal|Any CPU
		{A164F30F-BF7B-4F57-8D8F-B81460E6A0DF}.StagingLocal|Any CPU.Build.0 = StagingLocal|Any CPU
		{A164F30F-BF7B-4F57-8D8F-B81460E6A0DF}.StagingLocal|Mixed Platforms.ActiveCfg = StagingLocal|Any CPU
		{A164F30F-BF7B-4F57-8D8F-B81460E6A0DF}.StagingLocal|Mixed Platforms.Build.0 = StagingLocal|Any CPU
		{A164F30F-BF7B-4F57-8D8F-B81460E6A0DF}.StagingLocal|x86.ActiveCfg = StagingLocal|Any CPU
	EndGlobalSection
	GlobalSection(SolutionProperties) = preSolution
		HideSolutionNode = FALSE
	EndGlobalSection
	GlobalSection(NestedProjects) = preSolution
		{EF24801A-36F4-459A-B695-B53BF3450467} = {2730D44A-BAF4-4564-B545-739326A198EB}
		{168F88CC-41DB-4A25-9FD0-2B48D1718CA1} = {2730D44A-BAF4-4564-B545-739326A198EB}
		{30A31390-246B-4469-8DD8-3B380D5D9D59} = {2730D44A-BAF4-4564-B545-739326A198EB}
		{11C74E56-9BFD-47D7-A9B9-AD9F807325B8} = {2730D44A-BAF4-4564-B545-739326A198EB}
	EndGlobalSection
	GlobalSection(TestCaseManagementSettings) = postSolution
		CategoryFile = DetectorInspector.vsmdi
	EndGlobalSection
EndGlobal
